
Microsoft Visual Studio Solution File, Format Version 12.00
# Visual Studio Version 16
VisualStudioVersion = 16.0.31613.86
MinimumVisualStudioVersion = 10.0.40219.1
Project("{FAE04EC0-301F-11D3-BF4B-00C04F79EFBC}") = "Cards", "Cards\Cards.csproj", "{5E77E469-8081-4E6E-B445-D1B3BB6E0116}"
EndProject
Project("{FAE04EC0-301F-11D3-BF4B-00C04F79EFBC}") = "Blackjack", "..\Blackjack\Blackjack\Blackjack.csproj", "{B5A54B8A-58CA-455F-8200-0C5F762D28AF}"
EndProject
Project("{FAE04EC0-301F-11D3-BF4B-00C04F79EFBC}") = "BlackjackGUI", "..\BlackjackGUI\BlackjackGUI\BlackjackGUI.csproj", "{61AF690D-E403-48F1-8FC7-76670C46D38C}"
EndProject
Project("{FAE04EC0-301F-11D3-BF4B-00C04F79EFBC}") = "CardsTests", "..\CardsTests\CardsTests\CardsTests.csproj", "{AF2559DA-2DF0-48F0-8485-D26336A1DDDE}"
EndProject
Global
	GlobalSection(SolutionConfigurationPlatforms) = preSolution
		Debug|Any CPU = Debug|Any CPU
		Release|Any CPU = Release|Any CPU
	EndGlobalSection
	GlobalSection(ProjectConfigurationPlatforms) = postSolution
		{5E77E469-8081-4E6E-B445-D1B3BB6E0116}.Debug|Any CPU.ActiveCfg = Debug|Any CPU
		{5E77E469-8081-4E6E-B445-D1B3BB6E0116}.Debug|Any CPU.Build.0 = Debug|Any CPU
		{5E77E469-8081-4E6E-B445-D1B3BB6E0116}.Release|Any CPU.ActiveCfg = Release|Any CPU
		{5E77E469-8081-4E6E-B445-D1B3BB6E0116}.Release|Any CPU.Build.0 = Release|Any CPU
		{B5A54B8A-58CA-455F-8200-0C5F762D28AF}.Debug|Any CPU.ActiveCfg = Debug|Any CPU
		{B5A54B8A-58CA-455F-8200-0C5F762D28AF}.Debug|Any CPU.Build.0 = Debug|Any CPU
		{B5A54B8A-58CA-455F-8200-0C5F762D28AF}.Release|Any CPU.ActiveCfg = Release|Any CPU
		{B5A54B8A-58CA-455F-8200-0C5F762D28AF}.Release|Any CPU.Build.0 = Release|Any CPU
		{61AF690D-E403-48F1-8FC7-76670C46D38C}.Debug|Any CPU.ActiveCfg = Debug|Any CPU
		{61AF690D-E403-48F1-8FC7-76670C46D38C}.Debug|Any CPU.Build.0 = Debug|Any CPU
		{61AF690D-E403-48F1-8FC7-76670C46D38C}.Release|Any CPU.ActiveCfg = Release|Any CPU
		{61AF690D-E403-48F1-8FC7-76670C46D38C}.Release|Any CPU.Build.0 = Release|Any CPU
		{AF2559DA-2DF0-48F0-8485-D26336A1DDDE}.Debug|Any CPU.ActiveCfg = Debug|Any CPU
		{AF2559DA-2DF0-48F0-8485-D26336A1DDDE}.Debug|Any CPU.Build.0 = Debug|Any CPU
		{AF2559DA-2DF0-48F0-8485-D26336A1DDDE}.Release|Any CPU.ActiveCfg = Release|Any CPU
		{AF2559DA-2DF0-48F0-8485-D26336A1DDDE}.Release|Any CPU.Build.0 = Release|Any CPU
	EndGlobalSection
	GlobalSection(SolutionProperties) = preSolution
		HideSolutionNode = FALSE
	EndGlobalSection
	GlobalSection(ExtensibilityGlobals) = postSolution
		SolutionGuid = {3ED4D216-0121-41BA-A81C-22194C63652C}
	EndGlobalSection
EndGlobal
